
Microsoft Visual Studio Solution File, Format Version 12.00
# Visual Studio Version 16
VisualStudioVersion = 16.0.29519.87
MinimumVisualStudioVersion = 10.0.40219.1
Project("{FAE04EC0-301F-11D3-BF4B-00C04F79EFBC}") = "MaskeSatisProject.Entities", "MaskeSatisProject.Entities\MaskeSatisProject.Entities.csproj", "{E436A7F2-D947-48F8-85FC-308710E0C3FD}"
EndProject
Project("{FAE04EC0-301F-11D3-BF4B-00C04F79EFBC}") = "MaskeSatisProject.Business", "MaskeSatisProject.Business\MaskeSatisProject.Business.csproj", "{9F26DF9F-8D9C-428B-94DD-78EF3C53CCF1}"
EndProject
Project("{FAE04EC0-301F-11D3-BF4B-00C04F79EFBC}") = "MaskeSatisProject.DataAccess", "MaskeSatisProject.DataAccess\MaskeSatisProject.DataAccess.csproj", "{C3F9230E-2279-4D55-B6E9-13D70026B854}"
EndProject
Project("{FAE04EC0-301F-11D3-BF4B-00C04F79EFBC}") = "MaskeSatisProject.ConsoleUI", "MaskeSatisProject.Console.UI\MaskeSatisProject.ConsoleUI.csproj", "{A2C110B1-8B55-42C8-B83E-AFBAC3DB6E00}"
EndProject
Project("{FAE04EC0-301F-11D3-BF4B-00C04F79EFBC}") = "MaskSatisProject.Mvc.WebUI", "MaskSatisProject.Mvc.WebUI\MaskSatisProject.Mvc.WebUI.csproj", "{4D819A12-2FAB-4925-A36B-CEF99138422C}"
EndProject
Global
	GlobalSection(SolutionConfigurationPlatforms) = preSolution
		Debug|Any CPU = Debug|Any CPU
		Release|Any CPU = Release|Any CPU
	EndGlobalSection
	GlobalSection(ProjectConfigurationPlatforms) = postSolution
		{E436A7F2-D947-48F8-85FC-308710E0C3FD}.Debug|Any CPU.ActiveCfg = Debug|Any CPU
		{E436A7F2-D947-48F8-85FC-308710E0C3FD}.Debug|Any CPU.Build.0 = Debug|Any CPU
		{E436A7F2-D947-48F8-85FC-308710E0C3FD}.Release|Any CPU.ActiveCfg = Release|Any CPU
		{E436A7F2-D947-48F8-85FC-308710E0C3FD}.Release|Any CPU.Build.0 = Release|Any CPU
		{9F26DF9F-8D9C-428B-94DD-78EF3C53CCF1}.Debug|Any CPU.ActiveCfg = Debug|Any CPU
		{9F26DF9F-8D9C-428B-94DD-78EF3C53CCF1}.Debug|Any CPU.Build.0 = Debug|Any CPU
		{9F26DF9F-8D9C-428B-94DD-78EF3C53CCF1}.Release|Any CPU.ActiveCfg = Release|Any CPU
		{9F26DF9F-8D9C-428B-94DD-78EF3C53CCF1}.Release|Any CPU.Build.0 = Release|Any CPU
		{C3F9230E-2279-4D55-B6E9-13D70026B854}.Debug|Any CPU.ActiveCfg = Debug|Any CPU
		{C3F9230E-2279-4D55-B6E9-13D70026B854}.Debug|Any CPU.Build.0 = Debug|Any CPU
		{C3F9230E-2279-4D55-B6E9-13D70026B854}.Release|Any CPU.ActiveCfg = Release|Any CPU
		{C3F9230E-2279-4D55-B6E9-13D70026B854}.Release|Any CPU.Build.0 = Release|Any CPU
		{A2C110B1-8B55-42C8-B83E-AFBAC3DB6E00}.Debug|Any CPU.ActiveCfg = Debug|Any CPU
		{A2C110B1-8B55-42C8-B83E-AFBAC3DB6E00}.Debug|Any CPU.Build.0 = Debug|Any CPU
		{A2C110B1-8B55-42C8-B83E-AFBAC3DB6E00}.Release|Any CPU.ActiveCfg = Release|Any CPU
		{A2C110B1-8B55-42C8-B83E-AFBAC3DB6E00}.Release|Any CPU.Build.0 = Release|Any CPU
		{4D819A12-2FAB-4925-A36B-CEF99138422C}.Debug|Any CPU.ActiveCfg = Debug|Any CPU
		{4D819A12-2FAB-4925-A36B-CEF99138422C}.Debug|Any CPU.Build.0 = Debug|Any CPU
		{4D819A12-2FAB-4925-A36B-CEF99138422C}.Release|Any CPU.ActiveCfg = Release|Any CPU
		{4D819A12-2FAB-4925-A36B-CEF99138422C}.Release|Any CPU.Build.0 = Release|Any CPU
	EndGlobalSection
	GlobalSection(SolutionProperties) = preSolution
		HideSolutionNode = FALSE
	EndGlobalSection
	GlobalSection(ExtensibilityGlobals) = postSolution
		SolutionGuid = {70169B43-3B62-4CE8-9142-0F799AC975FF}
	EndGlobalSection
EndGlobal
